Microsoft Visual Studio Solution File, Format Version 12.00
# Visual Studio Version 17
VisualStudioVersion = 17.5.2.0
MinimumVisualStudioVersion = 10.0.40219.1
Project("{FAE04EC0-301F-11D3-BF4B-00C04F79EFBC}") = "MiniProjectCSharp", "MiniProjectCSharp.csproj", "{0D72B55C-74DE-7309-C486-26B86E875D89}"
EndProject
Global
	GlobalSection(SolutionConfigurationPlatforms) = preSolution
		Debug|Any CPU = Debug|Any CPU
		Release|Any CPU = Release|Any CPU
	EndGlobalSection
	GlobalSection(ProjectConfigurationPlatforms) = postSolution
		{0D72B55C-74DE-7309-C486-26B86E875D89}.Debug|Any CPU.ActiveCfg = Debug|Any CPU
		{0D72B55C-74DE-7309-C486-26B86E875D89}.Debug|Any CPU.Build.0 = Debug|Any CPU
		{0D72B55C-74DE-7309-C486-26B86E875D89}.Release|Any CPU.ActiveCfg = Release|Any CPU
		{0D72B55C-74DE-7309-C486-26B86E875D89}.Release|Any CPU.Build.0 = Release|Any CPU
	EndGlobalSection
	GlobalSection(SolutionProperties) = preSolution
		HideSolutionNode = FALSE
	EndGlobalSection
	GlobalSection(ExtensibilityGlobals) = postSolution
		SolutionGuid = {CFF60C2D-7C9C-4792-88FD-07CA2BB8F882}
	EndGlobalSection
EndGlobal
